
Microsoft Visual Studio Solution File, Format Version 12.00
# Visual Studio 2013
VisualStudioVersion = 12.0.31101.0
MinimumVisualStudioVersion = 10.0.40219.1
Project("{FAE04EC0-301F-11D3-BF4B-00C04F79EFBC}") = "Recurrencia", "Recurrencia\Recurrencia.csproj", "{0A9A3285-7463-49E6-A714-27CEB79DB5CF}"
EndProject
Global
	GlobalSection(SolutionConfigurationPlatforms) = preSolution
		Debug|Any CPU = Debug|Any CPU
		Release|Any CPU = Release|Any CPU
	EndGlobalSection
	GlobalSection(ProjectConfigurationPlatforms) = postSolution
		{0A9A3285-7463-49E6-A714-27CEB79DB5CF}.Debug|Any CPU.ActiveCfg = Debug|Any CPU
		{0A9A3285-7463-49E6-A714-27CEB79DB5CF}.Debug|Any CPU.Build.0 = Debug|Any CPU
		{0A9A3285-7463-49E6-A714-27CEB79DB5CF}.Release|Any CPU.ActiveCfg = Release|Any CPU
		{0A9A3285-7463-49E6-A714-27CEB79DB5CF}.Release|Any CPU.Build.0 = Release|Any CPU
	EndGlobalSection
	GlobalSection(SolutionProperties) = preSolution
		HideSolutionNode = FALSE
	EndGlobalSection
EndGlobal
